
Microsoft Visual Studio Solution File, Format Version 12.00
# Visual Studio Version 17
VisualStudioVersion = 17.3.32922.545
MinimumVisualStudioVersion = 10.0.40219.1
Project("{FAE04EC0-301F-11D3-BF4B-00C04F79EFBC}") = "AdoDataSetNonDbApp", "AdoDataSetNonDbApp\AdoDataSetNonDbApp.csproj", "{EDAC1C86-B317-480E-B27A-7D294E3AE761}"
EndProject
Global
	GlobalSection(SolutionConfigurationPlatforms) = preSolution
		Debug|Any CPU = Debug|Any CPU
		Release|Any CPU = Release|Any CPU
	EndGlobalSection
	GlobalSection(ProjectConfigurationPlatforms) = postSolution
		{EDAC1C86-B317-480E-B27A-7D294E3AE761}.Debug|Any CPU.ActiveCfg = Debug|Any CPU
		{EDAC1C86-B317-480E-B27A-7D294E3AE761}.Debug|Any CPU.Build.0 = Debug|Any CPU
		{EDAC1C86-B317-480E-B27A-7D294E3AE761}.Release|Any CPU.ActiveCfg = Release|Any CPU
		{EDAC1C86-B317-480E-B27A-7D294E3AE761}.Release|Any CPU.Build.0 = Release|Any CPU
	EndGlobalSection
	GlobalSection(SolutionProperties) = preSolution
		HideSolutionNode = FALSE
	EndGlobalSection
	GlobalSection(ExtensibilityGlobals) = postSolution
		SolutionGuid = {7A9FC678-4F59-489A-B38C-C486359EECC6}
	EndGlobalSection
EndGlobal
